<?xml version="1.0" encoding="utf-8"?>
<Project ToolsVersion="4.0" xmlns="http://schemas.microsoft.com/developer/msbuild/2003">
  <ItemGroup>
    <Filter Include="Source Files">
      <UniqueIdentifier>{4FC737F1-C7A5-4376-A066-2A32D752A2FF}</UniqueIdentifier>
      <Extensions>cpp;c;cc;cxx;c++;cppm;ixx;def;odl;idl;hpj;bat;asm;asmx</Extensions>
    </Filter>
    <Filter Include="Header Files">
      <UniqueIdentifier>{93995380-89BD-4b04-88EB-625FBE52EBFB}</UniqueIdentifier>
      <Extensions>h;hh;hpp;hxx;h++;hm;inl;inc;ipp;xsd</Extensions>
    </Filter>
    <Filter Include="Resource Files">
      <UniqueIdentifier>{67DA6AB6-F800-4c08-8B7A-83BB121AAD01}</UniqueIdentifier>
      <Extensions>rc;ico;cur;bmp;dlg;rc2;rct;bin;rgs;gif;jpg;jpeg;jpe;resx;tiff;tif;png;wav;mfcribbon-ms</Extensions>
    </Filter>
  </ItemGroup>
  <ItemGroup>
    <ClCompile Include="Form1.cpp">
      <Filter>Header Files</Filter>
    </ClCompile>
    <ClCompile Include="main.cpp">
      <Filter>Source Files</Filter>
    </ClCompile>
    <ClCompile Include="student.cpp">
      <Filter>Source Files</Filter>
    </ClCompile>
    <ClCompile Include="Register_m.cpp">
      <Filter>Source Files</Filter>
    </ClCompile>
    <ClCompile Include="Register_s.cpp">
      <Filter>Source Files</Filter>
    </ClCompile>
    <ClCompile Include="person.cpp">
      <Filter>Source Files</Filter>
    </ClCompile>
    <ClCompile Include="manager.cpp">
      <Filter>Header Files</Filter>
    </ClCompile>
    <ClCompile Include="student_main.cpp">
      <Filter>Source Files</Filter>
    </ClCompile>
    <ClCompile Include="MExam.cpp">
      <Filter>Source Files</Filter>
    </ClCompile>
    <ClCompile Include="expositive.cpp">
      <Filter>Source Files</Filter>
    </ClCompile>
    <ClCompile Include="multiple choice.cpp">
      <Filter>Source Files</Filter>
    </ClCompile>
    <ClCompile Include="True False.cpp">
      <Filter>Source Files</Filter>
    </ClCompile>
    <ClCompile Include="Manage_Azmoon.cpp">
      <Filter>Source Files</Filter>
    </ClCompile>
    <ClCompile Include="Manage_Azmoon2.cpp">
      <Filter>Source Files</Filter>
    </ClCompile>
    <ClCompile Include="Manager_main1.cpp">
      <Filter>Source Files</Filter>
    </ClCompile>
    <ClCompile Include="Azmoon_History.cpp">
      <Filter>Source Files</Filter>
    </ClCompile>
    <ClCompile Include="Exam_student.cpp">
      <Filter>Source Files</Filter>
    </ClCompile>
    <ClCompile Include="EXAM.cpp">
      <Filter>Source Files</Filter>
    </ClCompile>
    <ClCompile Include="Correction.cpp">
      <Filter>Source Files</Filter>
    </ClCompile>
    <ClCompile Include="Correction2.cpp">
      <Filter>Source Files</Filter>
    </ClCompile>
    <ClCompile Include="Score.cpp">
      <Filter>Source Files</Filter>
    </ClCompile>
  </ItemGroup>
  <ItemGroup>
    <ClInclude Include="Form1.h">
      <Filter>Header Files</Filter>
    </ClInclude>
    <ClInclude Include="manager.h">
      <Filter>Header Files</Filter>
    </ClInclude>
    <ClInclude Include="student.h">
      <Filter>Header Files</Filter>
    </ClInclude>
    <ClInclude Include="Register_m.h">
      <Filter>Header Files</Filter>
    </ClInclude>
    <ClInclude Include="Register_s.h">
      <Filter>Header Files</Filter>
    </ClInclude>
    <ClInclude Include="person.h">
      <Filter>Resource Files</Filter>
    </ClInclude>
    <ClInclude Include="student_main.h">
      <Filter>Header Files</Filter>
    </ClInclude>
    <ClInclude Include="MExam.h">
      <Filter>Header Files</Filter>
    </ClInclude>
    <ClInclude Include="expositive.h">
      <Filter>Header Files</Filter>
    </ClInclude>
    <ClInclude Include="multiple choice.h">
      <Filter>Header Files</Filter>
    </ClInclude>
    <ClInclude Include="True False.h">
      <Filter>Header Files</Filter>
    </ClInclude>
    <ClInclude Include="Manage_Azmoon.h">
      <Filter>Header Files</Filter>
    </ClInclude>
    <ClInclude Include="Manage_Azmoon2.h">
      <Filter>Header Files</Filter>
    </ClInclude>
    <ClInclude Include="Manager_main1.h">
      <Filter>Header Files</Filter>
    </ClInclude>
    <ClInclude Include="Azmoon_History.h">
      <Filter>Header Files</Filter>
    </ClInclude>
    <ClInclude Include="Exam_student.h">
      <Filter>Header Files</Filter>
    </ClInclude>
    <ClInclude Include="EXAM.h">
      <Filter>Header Files</Filter>
    </ClInclude>
    <ClInclude Include="Correction.h">
      <Filter>Header Files</Filter>
    </ClInclude>
    <ClInclude Include="Correction2.h">
      <Filter>Header Files</Filter>
    </ClInclude>
    <ClInclude Include="Score.h">
      <Filter>Header Files</Filter>
    </ClInclude>
  </ItemGroup>
</Project>